
Microsoft Visual Studio Solution File, Format Version 12.00
# Visual Studio Version 16
VisualStudioVersion = 16.0.30611.23
MinimumVisualStudioVersion = 10.0.40219.1
Project("{FAE04EC0-301F-11D3-BF4B-00C04F79EFBC}") = "Project", "Project\Project.csproj", "{C8A22FA1-89AB-453E-8CD6-B653AE1999AB}"
EndProject
Global
	GlobalSection(SolutionConfigurationPlatforms) = preSolution
		Debug|Any CPU = Debug|Any CPU
		Release|Any CPU = Release|Any CPU
	EndGlobalSection
	GlobalSection(ProjectConfigurationPlatforms) = postSolution
		{C8A22FA1-89AB-453E-8CD6-B653AE1999AB}.Debug|Any CPU.ActiveCfg = Debug|Any CPU
		{C8A22FA1-89AB-453E-8CD6-B653AE1999AB}.Debug|Any CPU.Build.0 = Debug|Any CPU
		{C8A22FA1-89AB-453E-8CD6-B653AE1999AB}.Release|Any CPU.ActiveCfg = Release|Any CPU
		{C8A22FA1-89AB-453E-8CD6-B653AE1999AB}.Release|Any CPU.Build.0 = Release|Any CPU
	EndGlobalSection
	GlobalSection(SolutionProperties) = preSolution
		HideSolutionNode = FALSE
	EndGlobalSection
	GlobalSection(ExtensibilityGlobals) = postSolution
		SolutionGuid = {91F1E4F7-D0EE-4C0F-9DD5-555D97176416}
	EndGlobalSection
EndGlobal
